
Microsoft Visual Studio Solution File, Format Version 12.00
# Visual Studio Version 16
VisualStudioVersion = 16.0.30907.101
MinimumVisualStudioVersion = 10.0.40219.1
Project("{FAE04EC0-301F-11D3-BF4B-00C04F79EFBC}") = "P4_Ejercicio_2", "P4_Ejercicio_2\P4_Ejercicio_2.csproj", "{C4E8FB89-790C-4F2C-998B-092000AAC4A8}"
EndProject
Global
	GlobalSection(SolutionConfigurationPlatforms) = preSolution
		Debug|Any CPU = Debug|Any CPU
		Release|Any CPU = Release|Any CPU
	EndGlobalSection
	GlobalSection(ProjectConfigurationPlatforms) = postSolution
		{C4E8FB89-790C-4F2C-998B-092000AAC4A8}.Debug|Any CPU.ActiveCfg = Debug|Any CPU
		{C4E8FB89-790C-4F2C-998B-092000AAC4A8}.Debug|Any CPU.Build.0 = Debug|Any CPU
		{C4E8FB89-790C-4F2C-998B-092000AAC4A8}.Release|Any CPU.ActiveCfg = Release|Any CPU
		{C4E8FB89-790C-4F2C-998B-092000AAC4A8}.Release|Any CPU.Build.0 = Release|Any CPU
	EndGlobalSection
	GlobalSection(SolutionProperties) = preSolution
		HideSolutionNode = FALSE
	EndGlobalSection
	GlobalSection(ExtensibilityGlobals) = postSolution
		SolutionGuid = {D37C93DC-C9B4-4D1A-A2AC-F8EE37593B9E}
	EndGlobalSection
EndGlobal
